// !$*UTF8*$!
{
	archiveVersion = 1;
	classes = {
	};
	objectVersion = 55;
	objects = {

/* Begin PBXBuildFile section */
		048CEDC52885B349000419A4 /* AppDelegate.swift in Sources */ = {isa = PBXBuildFile; fileRef = 048CEDC42885B349000419A4 /* AppDelegate.swift */; };
		048CEDC72885B349000419A4 /* SceneDelegate.swift in Sources */ = {isa = PBXBuildFile; fileRef = 048CEDC62885B349000419A4 /* SceneDelegate.swift */; };
		048CEDC92885B349000419A4 /* ViewController.swift in Sources */ = {isa = PBXBuildFile; fileRef = 048CEDC82885B349000419A4 /* ViewController.swift */; };
		048CEDCC2885B349000419A4 /* Main.storyboard in Resources */ = {isa = PBXBuildFile; fileRef = 048CEDCA2885B349000419A4 /* Main.storyboard */; };
		048CEDCE2885B34C000419A4 /* Assets.xcassets in Resources */ = {isa = PBXBuildFile; fileRef = 048CEDCD2885B34C000419A4 /* Assets.xcassets */; };
		048CEDD12885B34C000419A4 /* LaunchScreen.storyboard in Resources */ = {isa = PBXBuildFile; fileRef = 048CEDCF2885B34C000419A4 /* LaunchScreen.storyboard */; };
		048CEDD92885C625000419A4 /* AddressChosseController.swift in Sources */ = {isa = PBXBuildFile; fileRef = 048CEDD82885C625000419A4 /* AddressChosseController.swift */; };
		048CEDDB2885C687000419A4 /* BaseController.swift in Sources */ = {isa = PBXBuildFile; fileRef = 048CEDDA2885C687000419A4 /* BaseController.swift */; };
		048CEDDD2885C6AD000419A4 /* CustomButton.swift in Sources */ = {isa = PBXBuildFile; fileRef = 048CEDDC2885C6AD000419A4 /* CustomButton.swift */; };
		048CEDDF2885C788000419A4 /* Constants.swift in Sources */ = {isa = PBXBuildFile; fileRef = 048CEDDE2885C788000419A4 /* Constants.swift */; };
		048CEDE12885C7A6000419A4 /* Colors.swift in Sources */ = {isa = PBXBuildFile; fileRef = 048CEDE02885C7A6000419A4 /* Colors.swift */; };
		9D81D06BBC65BEBFD44CC48F /* Pods_GMwithCenterMarker.framework in Frameworks */ = {isa = PBXBuildFile; fileRef = AF7D7466BE7CD787B48499F4 /* Pods_GMwithCenterMarker.framework */; };
/* End PBXBuildFile section */

/* Begin PBXFileReference section */
		048CEDC12885B349000419A4 /* GMwithCenterMarker.app */ = {isa = PBXFileReference; explicitFileType = wrapper.application; includeInIndex = 0; path = GMwithCenterMarker.app; sourceTree = BUILT_PRODUCTS_DIR; };
		048CEDC42885B349000419A4 /* AppDelegate.swift */ = {isa = PBXFileReference; lastKnownFileType = sourcecode.swift; path = AppDelegate.swift; sourceTree = "<group>"; };
		048CEDC62885B349000419A4 /* SceneDelegate.swift */ = {isa = PBXFileReference; lastKnownFileType = sourcecode.swift; path = SceneDelegate.swift; sourceTree = "<group>"; };
		048CEDC82885B349000419A4 /* ViewController.swift */ = {isa = PBXFileReference; lastKnownFileType = sourcecode.swift; path = ViewController.swift; sourceTree = "<group>"; };
		048CEDCB2885B349000419A4 /* Base */ = {isa = PBXFileReference; lastKnownFileType = file.storyboard; name = Base; path = Base.lproj/Main.storyboard; sourceTree = "<group>"; };
		048CEDCD2885B34C000419A4 /* Assets.xcassets */ = {isa = PBXFileReference; lastKnownFileType = folder.assetcatalog; path = Assets.xcassets; sourceTree = "<group>"; };
		048CEDD02885B34C000419A4 /* Base */ = {isa = PBXFileReference; lastKnownFileType = file.storyboard; name = Base; path = Base.lproj/LaunchScreen.storyboard; sourceTree = "<group>"; };
		048CEDD22885B34C000419A4 /* Info.plist */ = {isa = PBXFileReference; lastKnownFileType = text.plist.xml; path = Info.plist; sourceTree = "<group>"; };
		048CEDD82885C625000419A4 /* AddressChosseController.swift */ = {isa = PBXFileReference; fileEncoding = 4; lastKnownFileType = sourcecode.swift; path = AddressChosseController.swift; sourceTree = "<group>"; };
		048CEDDA2885C687000419A4 /* BaseController.swift */ = {isa = PBXFileReference; fileEncoding = 4; lastKnownFileType = sourcecode.swift; path = BaseController.swift; sourceTree = "<group>"; };
		048CEDDC2885C6AD000419A4 /* CustomButton.swift */ = {isa = PBXFileReference; lastKnownFileType = sourcecode.swift; path = CustomButton.swift; sourceTree = "<group>"; };
		048CEDDE2885C788000419A4 /* Constants.swift */ = {isa = PBXFileReference; lastKnownFileType = sourcecode.swift; path = Constants.swift; sourceTree = "<group>"; };
		048CEDE02885C7A6000419A4 /* Colors.swift */ = {isa = PBXFileReference; lastKnownFileType = sourcecode.swift; path = Colors.swift; sourceTree = "<group>"; };
		6421A30FBF2A893326E60684 /* Pods-GMwithCenterMarker.release.xcconfig */ = {isa = PBXFileReference; includeInIndex = 1; lastKnownFileType = text.xcconfig; name = "Pods-GMwithCenterMarker.release.xcconfig"; path = "Target Support Files/Pods-GMwithCenterMarker/Pods-GMwithCenterMarker.release.xcconfig"; sourceTree = "<group>"; };
		AF7D7466BE7CD787B48499F4 /* Pods_GMwithCenterMarker.framework */ = {isa = PBXFileReference; explicitFileType = wrapper.framework; includeInIndex = 0; path = Pods_GMwithCenterMarker.framework; sourceTree = BUILT_PRODUCTS_DIR; };
		B33B0C568476CEADB10CE191 /* Pods-GMwithCenterMarker.debug.xcconfig */ = {isa = PBXFileReference; includeInIndex = 1; lastKnownFileType = text.xcconfig; name = "Pods-GMwithCenterMarker.debug.xcconfig"; path = "Target Support Files/Pods-GMwithCenterMarker/Pods-GMwithCenterMarker.debug.xcconfig"; sourceTree = "<group>"; };
/* End PBXFileReference section */

/* Begin PBXFrameworksBuildPhase section */
		048CEDBE2885B349000419A4 /* Frameworks */ = {
			isa = PBXFrameworksBuildPhase;
			buildActionMask = 2147483647;
			files = (
				9D81D06BBC65BEBFD44CC48F /* Pods_GMwithCenterMarker.framework in Frameworks */,
			);
			runOnlyForDeploymentPostprocessing = 0;
		};
/* End PBXFrameworksBuildPhase section */

/* Begin PBXGroup section */
		048CEDB82885B349000419A4 = {
			isa = PBXGroup;
			children = (
				048CEDC32885B349000419A4 /* GMwithCenterMarker */,
				048CEDC22885B349000419A4 /* Products */,
				1E4448DB312EB0F53458F58F /* Pods */,
				F041C72FF62B09051520DA8E /* Frameworks */,
			);
			sourceTree = "<group>";
		};
		048CEDC22885B349000419A4 /* Products */ = {
			isa = PBXGroup;
			children = (
				048CEDC12885B349000419A4 /* GMwithCenterMarker.app */,
			);
			name = Products;
			sourceTree = "<group>";
		};
		048CEDC32885B349000419A4 /* GMwithCenterMarker */ = {
			isa = PBXGroup;
			children = (
				048CEDC42885B349000419A4 /* AppDelegate.swift */,
				048CEDC62885B349000419A4 /* SceneDelegate.swift */,
				048CEDD82885C625000419A4 /* AddressChosseController.swift */,
				048CEDDA2885C687000419A4 /* BaseController.swift */,
				048CEDC82885B349000419A4 /* ViewController.swift */,
				048CEDCA2885B349000419A4 /* Main.storyboard */,
				048CEDCD2885B34C000419A4 /* Assets.xcassets */,
				048CEDCF2885B34C000419A4 /* LaunchScreen.storyboard */,
				048CEDD22885B34C000419A4 /* Info.plist */,
				048CEDDC2885C6AD000419A4 /* CustomButton.swift */,
				048CEDE02885C7A6000419A4 /* Colors.swift */,
				048CEDDE2885C788000419A4 /* Constants.swift */,
			);
			path = GMwithCenterMarker;
			sourceTree = "<group>";
		};
		1E4448DB312EB0F53458F58F /* Pods */ = {
			isa = PBXGroup;
			children = (
				B33B0C568476CEADB10CE191 /* Pods-GMwithCenterMarker.debug.xcconfig */,
				6421A30FBF2A893326E60684 /* Pods-GMwithCenterMarker.release.xcconfig */,
			);
			path = Pods;
			sourceTree = "<group>";
		};
		F041C72FF62B09051520DA8E /* Frameworks */ = {
			isa = PBXGroup;
			children = (
				AF7D7466BE7CD787B48499F4 /* Pods_GMwithCenterMarker.framework */,
			);
			name = Frameworks;
			sourceTree = "<group>";
		};
/* End PBXGroup section */

/* Begin PBXNativeTarget section */
		048CEDC02885B349000419A4 /* GMwithCenterMarker */ = {
			isa = PBXNativeTarget;
			buildConfigurationList = 048CEDD52885B34C000419A4 /* Build configuration list for PBXNativeTarget "GMwithCenterMarker" */;
			buildPhases = (
				DF271DC6DEF3DAAE3D514A58 /* [CP] Check Pods Manifest.lock */,
				048CEDBD2885B349000419A4 /* Sources */,
				048CEDBE2885B349000419A4 /* Frameworks */,
				048CEDBF2885B349000419A4 /* Resources */,
				4658AB416A40727761DEBA0F /* [CP] Copy Pods Resources */,
			);
			buildRules = (
			);
			dependencies = (
			);
			name = GMwithCenterMarker;
			productName = GMwithCenterMarker;
			productReference = 048CEDC12885B349000419A4 /* GMwithCenterMarker.app */;
			productType = "com.apple.product-type.application";
		};
/* End PBXNativeTarget section */

/* Begin PBXProject section */
		048CEDB92885B349000419A4 /* Project object */ = {
			isa = PBXProject;
			attributes = {
				BuildIndependentTargetsInParallel = 1;
				LastSwiftUpdateCheck = 1340;
				LastUpgradeCheck = 1340;
				TargetAttributes = {
					048CEDC02885B349000419A4 = {
						CreatedOnToolsVersion = 13.4.1;
					};
				};
			};
			buildConfigurationList = 048CEDBC2885B349000419A4 /* Build configuration list for PBXProject "GMwithCenterMarker" */;
			compatibilityVersion = "Xcode 13.0";
			developmentRegion = en;
			hasScannedForEncodings = 0;
			knownRegions = (
				en,
				Base,
			);
			mainGroup = 048CEDB82885B349000419A4;
			productRefGroup = 048CEDC22885B349000419A4 /* Products */;
			projectDirPath = "";
			projectRoot = "";
			targets = (
				048CEDC02885B349000419A4 /* GMwithCenterMarker */,
			);
		};
/* End PBXProject section */

/* Begin PBXResourcesBuildPhase section */
		048CEDBF2885B349000419A4 /* Resources */ = {
			isa = PBXResourcesBuildPhase;
			buildActionMask = 2147483647;
			files = (
				048CEDD12885B34C000419A4 /* LaunchScreen.storyboard in Resources */,
				048CEDCE2885B34C000419A4 /* Assets.xcassets in Resources */,
				048CEDCC2885B349000419A4 /* Main.storyboard in Resources */,
			);
			runOnlyForDeploymentPostprocessing = 0;
		};
/* End PBXResourcesBuildPhase section */

/* Begin PBXShellScriptBuildPhase section */
		4658AB416A40727761DEBA0F /* [CP] Copy Pods Resources */ = {
			isa = PBXShellScriptBuildPhase;
			buildActionMask = 2147483647;
			files = (
			);
			inputFileListPaths = (
				"${PODS_ROOT}/Target Support Files/Pods-GMwithCenterMarker/Pods-GMwithCenterMarker-resources-${CONFIGURATION}-input-files.xcfilelist",
			);
			name = "[CP] Copy Pods Resources";
			outputFileListPaths = (
				"${PODS_ROOT}/Target Support Files/Pods-GMwithCenterMarker/Pods-GMwithCenterMarker-resources-${CONFIGURATION}-output-files.xcfilelist",
			);
			runOnlyForDeploymentPostprocessing = 0;
			shellPath = /bin/sh;
			shellScript = "\"${PODS_ROOT}/Target Support Files/Pods-GMwithCenterMarker/Pods-GMwithCenterMarker-resources.sh\"\n";
			showEnvVarsInLog = 0;
		};
		DF271DC6DEF3DAAE3D514A58 /* [CP] Check Pods Manifest.lock */ = {
			isa = PBXShellScriptBuildPhase;
			buildActionMask = 2147483647;
			files = (
			);
			inputFileListPaths = (
			);
			inputPaths = (
				"${PODS_PODFILE_DIR_PATH}/Podfile.lock",
				"${PODS_ROOT}/Manifest.lock",
			);
			name = "[CP] Check Pods Manifest.lock";
			outputFileListPaths = (
			);
			outputPaths = (
				"$(DERIVED_FILE_DIR)/Pods-GMwithCenterMarker-checkManifestLockResult.txt",
			);
			runOnlyForDeploymentPostprocessing = 0;
			shellPath = /bin/sh;
			shellScript = "diff \"${PODS_PODFILE_DIR_PATH}/Podfile.lock\" \"${PODS_ROOT}/Manifest.lock\" > /dev/null\nif [ $? != 0 ] ; then\n    # print error to STDERR\n    echo \"error: The sandbox is not in sync with the Podfile.lock. Run 'pod install' or update your CocoaPods installation.\" >&2\n    exit 1\nfi\n# This output is used by Xcode 'outputs' to avoid re-running this script phase.\necho \"SUCCESS\" > \"${SCRIPT_OUTPUT_FILE_0}\"\n";
			showEnvVarsInLog = 0;
		};
/* End PBXShellScriptBuildPhase section */

/* Begin PBXSourcesBuildPhase section */
		048CEDBD2885B349000419A4 /* Sources */ = {
			isa = PBXSourcesBuildPhase;
			buildActionMask = 2147483647;
			files = (
				048CEDC92885B349000419A4 /* ViewController.swift in Sources */,
				048CEDE12885C7A6000419A4 /* Colors.swift in Sources */,
				048CEDC52885B349000419A4 /* AppDelegate.swift in Sources */,
				048CEDDD2885C6AD000419A4 /* CustomButton.swift in Sources */,
				048CEDDB2885C687000419A4 /* BaseController.swift in Sources */,
				048CEDDF2885C788000419A4 /* Constants.swift in Sources */,
				048CEDC72885B349000419A4 /* SceneDelegate.swift in Sources */,
				048CEDD92885C625000419A4 /* AddressChosseController.swift in Sources */,
			);
			runOnlyForDeploymentPostprocessing = 0;
		};
/* End PBXSourcesBuildPhase section */

/* Begin PBXVariantGroup section */
		048CEDCA2885B349000419A4 /* Main.storyboard */ = {
			isa = PBXVariantGroup;
			children = (
				048CEDCB2885B349000419A4 /* Base */,
			);
			name = Main.storyboard;
			sourceTree = "<group>";
		};
		048CEDCF2885B34C000419A4 /* LaunchScreen.storyboard */ = {
			isa = PBXVariantGroup;
			children = (
				048CEDD02885B34C000419A4 /* Base */,
			);
			name = LaunchScreen.storyboard;
			sourceTree = "<group>";
		};
/* End PBXVariantGroup section */

/* Begin XCBuildConfiguration section */
		048CEDD32885B34C000419A4 /* Debug */ = {
			isa = XCBuildConfiguration;
			buildSettings = {
				ALWAYS_SEARCH_USER_PATHS = NO;
				CLANG_ANALYZER_NONNULL = YES;
				CLANG_ANALYZER_NUMBER_OBJECT_CONVERSION = YES_AGGRESSIVE;
				CLANG_CXX_LANGUAGE_STANDARD = "gnu++17";
				CLANG_ENABLE_MODULES = YES;
				CLANG_ENABLE_OBJC_ARC = YES;
				CLANG_ENABLE_OBJC_WEAK = YES;
				CLANG_WARN_BLOCK_CAPTURE_AUTORELEASING = YES;
				CLANG_WARN_BOOL_CONVERSION = YES;
				CLANG_WARN_COMMA = YES;
				CLANG_WARN_CONSTANT_CONVERSION = YES;
				CLANG_WARN_DEPRECATED_OBJC_IMPLEMENTATIONS = YES;
				CLANG_WARN_DIRECT_OBJC_ISA_USAGE = YES_ERROR;
				CLANG_WARN_DOCUMENTATION_COMMENTS = YES;
				CLANG_WARN_EMPTY_BODY = YES;
				CLANG_WARN_ENUM_CONVERSION = YES;
				CLANG_WARN_INFINITE_RECURSION = YES;
				CLANG_WARN_INT_CONVERSION = YES;
				CLANG_WARN_NON_LITERAL_NULL_CONVERSION = YES;
				CLANG_WARN_OBJC_IMPLICIT_RETAIN_SELF = YES;
				CLANG_WARN_OBJC_LITERAL_CONVERSION = YES;
				CLANG_WARN_OBJC_ROOT_CLASS = YES_ERROR;
				CLANG_WARN_QUOTED_INCLUDE_IN_FRAMEWORK_HEADER = YES;
				CLANG_WARN_RANGE_LOOP_ANALYSIS = YES;
				CLANG_WARN_STRICT_PROTOTYPES = YES;
				CLANG_WARN_SUSPICIOUS_MOVE = YES;
				CLANG_WARN_UNGUARDED_AVAILABILITY = YES_AGGRESSIVE;
				CLANG_WARN_UNREACHABLE_CODE = YES;
				CLANG_WARN__DUPLICATE_METHOD_MATCH = YES;
				COPY_PHASE_STRIP = NO;
				DEBUG_INFORMATION_FORMAT = dwarf;
				ENABLE_STRICT_OBJC_MSGSEND = YES;
				ENABLE_TESTABILITY = YES;
				GCC_C_LANGUAGE_STANDARD = gnu11;
				GCC_DYNAMIC_NO_PIC = NO;
				GCC_NO_COMMON_BLOCKS = YES;
				GCC_OPTIMIZATION_LEVEL = 0;
				GCC_PREPROCESSOR_DEFINITIONS = (
					"DEBUG=1",
					"$(inherited)",
				);
				GCC_WARN_64_TO_32_BIT_CONVERSION = YES;
				GCC_WARN_ABOUT_RETURN_TYPE = YES_ERROR;
				GCC_WARN_UNDECLARED_SELECTOR = YES;
				GCC_WARN_UNINITIALIZED_AUTOS = YES_AGGRESSIVE;
				GCC_WARN_UNUSED_FUNCTION = YES;
				GCC_WARN_UNUSED_VARIABLE = YES;
				IPHONEOS_DEPLOYMENT_TARGET = 15.5;
				MTL_ENABLE_DEBUG_INFO = INCLUDE_SOURCE;
				MTL_FAST_MATH = YES;
				ONLY_ACTIVE_ARCH = YES;
				SDKROOT = iphoneos;
				SWIFT_ACTIVE_COMPILATION_CONDITIONS = DEBUG;
				SWIFT_OPTIMIZATION_LEVEL = "-Onone";
			};
			name = Debug;
		};
		048CEDD42885B34C000419A4 /* Release */ = {
			isa = XCBuildConfiguration;
			buildSettings = {
				ALWAYS_SEARCH_USER_PATHS = NO;
				CLANG_ANALYZER_NONNULL = YES;
				CLANG_ANALYZER_NUMBER_OBJECT_CONVERSION = YES_AGGRESSIVE;
				CLANG_CXX_LANGUAGE_STANDARD = "gnu++17";
				CLANG_ENABLE_MODULES = YES;
				CLANG_ENABLE_OBJC_ARC = YES;
				CLANG_ENABLE_OBJC_WEAK = YES;
				CLANG_WARN_BLOCK_CAPTURE_AUTORELEASING = YES;
				CLANG_WARN_BOOL_CONVERSION = YES;
				CLANG_WARN_COMMA = YES;
				CLANG_WARN_CONSTANT_CONVERSION = YES;
				CLANG_WARN_DEPRECATED_OBJC_IMPLEMENTATIONS = YES;
				CLANG_WARN_DIRECT_OBJC_ISA_USAGE = YES_ERROR;
				CLANG_WARN_DOCUMENTATION_COMMENTS = YES;
				CLANG_WARN_EMPTY_BODY = YES;
				CLANG_WARN_ENUM_CONVERSION = YES;
				CLANG_WARN_INFINITE_RECURSION = YES;
				CLANG_WARN_INT_CONVERSION = YES;
				CLANG_WARN_NON_LITERAL_NULL_CONVERSION = YES;
				CLANG_WARN_OBJC_IMPLICIT_RETAIN_SELF = YES;
				CLANG_WARN_OBJC_LITERAL_CONVERSION = YES;
				CLANG_WARN_OBJC_ROOT_CLASS = YES_ERROR;
				CLANG_WARN_QUOTED_INCLUDE_IN_FRAMEWORK_HEADER = YES;
				CLANG_WARN_RANGE_LOOP_ANALYSIS = YES;
				CLANG_WARN_STRICT_PROTOTYPES = YES;
				CLANG_WARN_SUSPICIOUS_MOVE = YES;
				CLANG_WARN_UNGUARDED_AVAILABILITY = YES_AGGRESSIVE;
				CLANG_WARN_UNREACHABLE_CODE = YES;
				CLANG_WARN__DUPLICATE_METHOD_MATCH = YES;
				COPY_PHASE_STRIP = NO;
				DEBUG_INFORMATION_FORMAT = "dwarf-with-dsym";
				ENABLE_NS_ASSERTIONS = NO;
				ENABLE_STRICT_OBJC_MSGSEND = YES;
				GCC_C_LANGUAGE_STANDARD = gnu11;
				GCC_NO_COMMON_BLOCKS = YES;
				GCC_WARN_64_TO_32_BIT_CONVERSION = YES;
				GCC_WARN_ABOUT_RETURN_TYPE = YES_ERROR;
				GCC_WARN_UNDECLARED_SELECTOR = YES;
				GCC_WARN_UNINITIALIZED_AUTOS = YES_AGGRESSIVE;
				GCC_WARN_UNUSED_FUNCTION = YES;
				GCC_WARN_UNUSED_VARIABLE = YES;
				IPHONEOS_DEPLOYMENT_TARGET = 15.5;
				MTL_ENABLE_DEBUG_INFO = NO;
				MTL_FAST_MATH = YES;
				SDKROOT = iphoneos;
				SWIFT_COMPILATION_MODE = wholemodule;
				SWIFT_OPTIMIZATION_LEVEL = "-O";
				VALIDATE_PRODUCT = YES;
			};
			name = Release;
		};
		048CEDD62885B34C000419A4 /* Debug */ = {
			isa = XCBuildConfiguration;
			baseConfigurationReference = B33B0C568476CEADB10CE191 /* Pods-GMwithCenterMarker.debug.xcconfig */;
			buildSettings = {
				ASSETCATALOG_COMPILER_APPICON_NAME = AppIcon;
				ASSETCATALOG_COMPILER_GLOBAL_ACCENT_COLOR_NAME = AccentColor;
				CODE_SIGN_STYLE = Automatic;
				CURRENT_PROJECT_VERSION = 1;
				DEVELOPMENT_TEAM = VYKVXB7456;
				GENERATE_INFOPLIST_FILE = YES;
				INFOPLIST_FILE = GMwithCenterMarker/Info.plist;
				INFOPLIST_KEY_UIApplicationSupportsIndirectInputEvents = YES;
				INFOPLIST_KEY_UILaunchStoryboardName = LaunchScreen;
				INFOPLIST_KEY_UISupportedInterfaceOrientations_iPad = "UIInterfaceOrientationPortrait UIInterfaceOrientationPortraitUpsideDown UIInterfaceOrientationLandscapeLeft UIInterfaceOrientationLandscapeRight";
				INFOPLIST_KEY_UISupportedInterfaceOrientations_iPhone = "UIInterfaceOrientationPortrait UIInterfaceOrientationLandscapeLeft UIInterfaceOrientationLandscapeRight";
				IPHONEOS_DEPLOYMENT_TARGET = 13.1;
				LD_RUNPATH_SEARCH_PATHS = (
					"$(inherited)",
					"@executable_path/Frameworks",
				);
				MARKETING_VERSION = 1.0;
				PRODUCT_BUNDLE_IDENTIFIER = com.hamza.GMwithCenterMarker.GMwithCenterMarker;
				PRODUCT_NAME = "$(TARGET_NAME)";
				SWIFT_EMIT_LOC_STRINGS = YES;
				SWIFT_VERSION = 5.0;
				TARGETED_DEVICE_FAMILY = "1,2";
			};
			name = Debug;
		};
		048CEDD72885B34C000419A4 /* Release */ = {
			isa = XCBuildConfiguration;
			baseConfigurationReference = 6421A30FBF2A893326E60684 /* Pods-GMwithCenterMarker.release.xcconfig */;
			buildSettings = {
				ASSETCATALOG_COMPILER_APPICON_NAME = AppIcon;
				ASSETCATALOG_COMPILER_GLOBAL_ACCENT_COLOR_NAME = AccentColor;
				CODE_SIGN_STYLE = Automatic;
				CURRENT_PROJECT_VERSION = 1;
				DEVELOPMENT_TEAM = VYKVXB7456;
				GENERATE_INFOPLIST_FILE = YES;
				INFOPLIST_FILE = GMwithCenterMarker/Info.plist;
				INFOPLIST_KEY_UIApplicationSupportsIndirectInputEvents = YES;
				INFOPLIST_KEY_UILaunchStoryboardName = LaunchScreen;
				INFOPLIST_KEY_UISupportedInterfaceOrientations_iPad = "UIInterfaceOrientationPortrait UIInterfaceOrientationPortraitUpsideDown UIInterfaceOrientationLandscapeLeft UIInterfaceOrientationLandscapeRight";
				INFOPLIST_KEY_UISupportedInterfaceOrientations_iPhone = "UIInterfaceOrientationPortrait UIInterfaceOrientationLandscapeLeft UIInterfaceOrientationLandscapeRight";
				IPHONEOS_DEPLOYMENT_TARGET = 13.1;
				LD_RUNPATH_SEARCH_PATHS = (
					"$(inherited)",
					"@executable_path/Frameworks",
				);
				MARKETING_VERSION = 1.0;
				PRODUCT_BUNDLE_IDENTIFIER = com.hamza.GMwithCenterMarker.GMwithCenterMarker;
				PRODUCT_NAME = "$(TARGET_NAME)";
				SWIFT_EMIT_LOC_STRINGS = YES;
				SWIFT_VERSION = 5.0;
				TARGETED_DEVICE_FAMILY = "1,2";
			};
			name = Release;
		};
/* End XCBuildConfiguration section */

/* Begin XCConfigurationList section */
		048CEDBC2885B349000419A4 /* Build configuration list for PBXProject "GMwithCenterMarker" */ = {
			isa = XCConfigurationList;
			buildConfigurations = (
				048CEDD32885B34C000419A4 /* Debug */,
				048CEDD42885B34C000419A4 /* Release */,
			);
			defaultConfigurationIsVisible = 0;
			defaultConfigurationName = Release;
		};
		048CEDD52885B34C000419A4 /* Build configuration list for PBXNativeTarget "GMwithCenterMarker" */ = {
			isa = XCConfigurationList;
			buildConfigurations = (
				048CEDD62885B34C000419A4 /* Debug */,
				048CEDD72885B34C000419A4 /* Release */,
			);
			defaultConfigurationIsVisible = 0;
			defaultConfigurationName = Release;
		};
/* End XCConfigurationList section */
	};
	rootObject = 048CEDB92885B349000419A4 /* Project object */;
}
